
Microsoft Visual Studio Solution File, Format Version 12.00
# Visual Studio Version 17
VisualStudioVersion = 17.3.32929.385
MinimumVisualStudioVersion = 10.0.40219.1
Project("{FAE04EC0-301F-11D3-BF4B-00C04F79EFBC}") = "Language", "Language\Language.csproj", "{2EAC4836-6402-4D12-9877-0176A8303C8E}"
EndProject
Global
	GlobalSection(SolutionConfigurationPlatforms) = preSolution
		Debug|Any CPU = Debug|Any CPU
		Release|Any CPU = Release|Any CPU
	EndGlobalSection
	GlobalSection(ProjectConfigurationPlatforms) = postSolution
		{2EAC4836-6402-4D12-9877-0176A8303C8E}.Debug|Any CPU.ActiveCfg = Debug|Any CPU
		{2EAC4836-6402-4D12-9877-0176A8303C8E}.Debug|Any CPU.Build.0 = Debug|Any CPU
		{2EAC4836-6402-4D12-9877-0176A8303C8E}.Release|Any CPU.ActiveCfg = Release|Any CPU
		{2EAC4836-6402-4D12-9877-0176A8303C8E}.Release|Any CPU.Build.0 = Release|Any CPU
	EndGlobalSection
	GlobalSection(SolutionProperties) = preSolution
		HideSolutionNode = FALSE
	EndGlobalSection
	GlobalSection(ExtensibilityGlobals) = postSolution
		SolutionGuid = {8446338F-AD87-496D-9B11-DBED42F18E2E}
	EndGlobalSection
EndGlobal
